Microsoft Visual Studio Solution File, Format Version 9.00
# Visual Studio 2005
Project("{8BC9CEB8-8B4A-11D0-8D11-00A0C91BC942}") = "drawgrp", "..\drawgrp\drawgrp.vcproj", "{10729DB2-5CEA-41BA-9C6F-B47BE5A3C242}"
EndProject
Project("{8BC9CEB8-8B4A-11D0-8D11-00A0C91BC942}") = "grpapi", "grpapi.vcproj", "{08812E9C-7F03-4DCB-8828-F3BDB0728EC7}"
EndProject
Project("{8BC9CEB8-8B4A-11D0-8D11-00A0C91BC942}") = "grplib", "grplib.vcproj", "{66127C6F-39DA-4B7A-9856-789ED0139DCB}"
EndProject
Global
	GlobalSection(SourceCodeControl) = preSolution
		SccNumberOfProjects = 4
		SccProjectName0 = \u0022$/grpapi_VS2005.root/grpapi\u0022,\u0020IGAAAAAA
		SccLocalPath0 = ..
		SccProvider0 = MSSCCI:Microsoft\u0020Visual\u0020SourceSafe
		CanCheckoutShared = false
		SccProjectFilePathRelativizedFromConnection0 = grpapi\\
		SccProjectUniqueName1 = ..\\drawgrp\\drawgrp.vcproj
		SccLocalPath1 = ..
		CanCheckoutShared = false
		SccProjectFilePathRelativizedFromConnection1 = drawgrp\\
		SccProjectUniqueName2 = grpapi.vcproj
		SccLocalPath2 = ..
		CanCheckoutShared = false
		SccProjectFilePathRelativizedFromConnection2 = grpapi\\
		SccProjectUniqueName3 = grplib.vcproj
		SccLocalPath3 = ..
		CanCheckoutShared = false
		SccProjectFilePathRelativizedFromConnection3 = grpapi\\
	EndGlobalSection
	GlobalSection(SolutionConfigurationPlatforms) = preSolution
		Debug|Win32 = Debug|Win32
		Release|Win32 = Release|Win32
	EndGlobalSection
	GlobalSection(ProjectConfigurationPlatforms) = postSolution
		{10729DB2-5CEA-41BA-9C6F-B47BE5A3C242}.Debug|Win32.ActiveCfg = Debug|Win32
		{10729DB2-5CEA-41BA-9C6F-B47BE5A3C242}.Debug|Win32.Build.0 = Debug|Win32
		{10729DB2-5CEA-41BA-9C6F-B47BE5A3C242}.Release|Win32.ActiveCfg = Release|Win32
		{10729DB2-5CEA-41BA-9C6F-B47BE5A3C242}.Release|Win32.Build.0 = Release|Win32
		{08812E9C-7F03-4DCB-8828-F3BDB0728EC7}.Debug|Win32.ActiveCfg = Debug|Win32
		{08812E9C-7F03-4DCB-8828-F3BDB0728EC7}.Debug|Win32.Build.0 = Debug|Win32
		{08812E9C-7F03-4DCB-8828-F3BDB0728EC7}.Release|Win32.ActiveCfg = Release|Win32
		{08812E9C-7F03-4DCB-8828-F3BDB0728EC7}.Release|Win32.Build.0 = Release|Win32
		{66127C6F-39DA-4B7A-9856-789ED0139DCB}.Debug|Win32.ActiveCfg = Debug|Win32
		{66127C6F-39DA-4B7A-9856-789ED0139DCB}.Debug|Win32.Build.0 = Debug|Win32
		{66127C6F-39DA-4B7A-9856-789ED0139DCB}.Release|Win32.ActiveCfg = Release|Win32
		{66127C6F-39DA-4B7A-9856-789ED0139DCB}.Release|Win32.Build.0 = Release|Win32
	EndGlobalSection
	GlobalSection(SolutionProperties) = preSolution
		HideSolutionNode = FALSE
	EndGlobalSection
EndGlobal
